github.com/hashicorp/vault v1.14.3 h1:Q9wvxTRcIxdiGVHFnEJbRofh+Dotc/4YdBf3+qCpvM0=
github.com/hashicorp/vault v1.14.3/go.mod h1:w9/QkPZlVfpDShSDrISE+N/k82m4qvkB6OjgxOJfuPQ=
golang.org/x/sys v0.13.0 h1:Af8nKPmuFypiUBjVoU9V20FiaFXOcuZI21p0ycVYYGE=
golang.org/x/sys v0.13.0/go.mod h1:oPkhp1MJrh7nUepCBck5+mAzfO9JrbApNNgaTdGDITg=
golang.org/x/term v0.13.0 h1:bb+I9cTfFazGW51MZqBVmZy7+JEJMouUHTUSKVQLBek=
golang.org/x/term v0.13.0/go.mod h1:LTmsnFJwVN6bCy1rVCoS+qHT1HhALEFxKncY3WNNh4U=
