github.com/hashicorp/vault v1.14.0 h1:c+ujeY6SP/6xFF7dn1tfMhn5JPbRntX6lpIaoRUR6LM=
github.com/hashicorp/vault v1.14.0/go.mod h1:bVRLXpE3TF0NgB/t2pJyox1n7dhtqbsZ5G19G0gpLRw=
golang.org/x/sys v0.10.0 h1:SqMFp9UcQJZa+pmYuAKjd9xq1f0j5rLcDIk0mj4qAsA=
golang.org/x/sys v0.10.0/go.mod h1:oPkhp1MJrh7nUepCBck5+mAzfO9JrbApNNgaTdGDITg=
golang.org/x/term v0.10.0 h1:3R7pNqamzBraeqj/Tj8qt1aQ2HpmlC+Cx/qL/7hn4/c=
golang.org/x/term v0.10.0/go.mod h1:lpqdcUyK/oCiQxvxVrppt5ggO2KCZ5QblwqPnfZ6d5o=
